
Microsoft Visual Studio Solution File, Format Version 12.00
# Visual Studio Version 17
VisualStudioVersion = 17.10.35004.147
MinimumVisualStudioVersion = 10.0.40219.1
Project("{FAE04EC0-301F-11D3-BF4B-00C04F79EFBC}") = "Desktop App", "Desktop App\Desktop App.csproj", "{FE645099-C082-458C-98B1-2E4DFC45976A}"
EndProject
Global
	GlobalSection(SolutionConfigurationPlatforms) = preSolution
		Debug|Any CPU = Debug|Any CPU
		Release|Any CPU = Release|Any CPU
	EndGlobalSection
	GlobalSection(ProjectConfigurationPlatforms) = postSolution
		{FE645099-C082-458C-98B1-2E4DFC45976A}.Debug|Any CPU.ActiveCfg = Debug|Any CPU
		{FE645099-C082-458C-98B1-2E4DFC45976A}.Debug|Any CPU.Build.0 = Debug|Any CPU
		{FE645099-C082-458C-98B1-2E4DFC45976A}.Release|Any CPU.ActiveCfg = Release|Any CPU
		{FE645099-C082-458C-98B1-2E4DFC45976A}.Release|Any CPU.Build.0 = Release|Any CPU
	EndGlobalSection
	GlobalSection(SolutionProperties) = preSolution
		HideSolutionNode = FALSE
	EndGlobalSection
	GlobalSection(ExtensibilityGlobals) = postSolution
		SolutionGuid = {AB3CC2F8-F43B-4C09-B785-CFEFA8EAC390}
	EndGlobalSection
EndGlobal
